{
	"name": "park-chain",
	"version": "1.0.0",
	"lockfileVersion": 2,
	"requires": true,
	"packages": {
		"": {
			"version": "1.0.0",
			"license": "ISC",
			"dependencies": {
				"crypto-js": "^4.0.0",
				"seedrandom": "^3.0.5"
			}
		},
		"node_modules/crypto-js": {
			"version": "4.0.0",
			"resolved": "https://registry.npmjs.org/crypto-js/-/crypto-js-4.0.0.tgz",
			"integrity": "sha512-bzHZN8Pn+gS7DQA6n+iUmBfl0hO5DJq++QP3U6uTucDtk/0iGpXd/Gg7CGR0p8tJhofJyaKoWBuJI4eAO00BBg=="
		},
		"node_modules/seedrandom": {
			"version": "3.0.5",
			"resolved": "https://registry.npmjs.org/seedrandom/-/seedrandom-3.0.5.tgz",
			"integrity": "sha512-8OwmbklUNzwezjGInmZ+2clQmExQPvomqjL7LFqOYqtmuxRgQYqOD3mHaU+MvZn5FLUeVxVfQjwLZW/n/JFuqg=="
		}
	},
	"dependencies": {
		"crypto-js": {
			"version": "4.0.0",
			"resolved": "https://registry.npmjs.org/crypto-js/-/crypto-js-4.0.0.tgz",
			"integrity": "sha512-bzHZN8Pn+gS7DQA6n+iUmBfl0hO5DJq++QP3U6uTucDtk/0iGpXd/Gg7CGR0p8tJhofJyaKoWBuJI4eAO00BBg=="
		},
		"seedrandom": {
			"version": "3.0.5",
			"resolved": "https://registry.npmjs.org/seedrandom/-/seedrandom-3.0.5.tgz",
			"integrity": "sha512-8OwmbklUNzwezjGInmZ+2clQmExQPvomqjL7LFqOYqtmuxRgQYqOD3mHaU+MvZn5FLUeVxVfQjwLZW/n/JFuqg=="
		}
	}
}
